// !$*UTF8*$!
{
	archiveVersion = 1;
	classes = {
	};
	objectVersion = 46;
	objects = {

/* Begin PBXBuildFile section */
		1D3623260D0F684500981E51 /* myDeviceSimpleTestAppDelegate.m in Sources */ = {isa = PBXBuildFile; fileRef = 1D3623250D0F684500981E51 /* myDeviceSimpleTestAppDelegate.m */; };
		1D60589B0D05DD56006BFB54 /* main.m in Sources */ = {isa = PBXBuildFile; fileRef = 29B97316FDCFA39411CA2CEA /* main.m */; };
		1D60589F0D05DD5A006BFB54 /* Foundation.framework in Frameworks */ = {isa = PBXBuildFile; fileRef = 1D30AB110D05D00D00671497 /* Foundation.framework */; };
		1DF5F4E00D08C38300B7A737 /* UIKit.framework in Frameworks */ = {isa = PBXBuildFile; fileRef = 1DF5F4DF0D08C38300B7A737 /* UIKit.framework */; };
		2892E4100DC94CBA00A64D0F /* CoreGraphics.framework in Frameworks */ = {isa = PBXBuildFile; fileRef = 2892E40F0DC94CBA00A64D0F /* CoreGraphics.framework */; };
		C36B3A311BC5AE0A0095AD7F /* Default-568h@2x.png in Resources */ = {isa = PBXBuildFile; fileRef = C36B3A301BC5AE0A0095AD7F /* Default-568h@2x.png */; };
		C36B3A3A1BC5AFE80095AD7F /* MainWindow-iPad.xib in Resources */ = {isa = PBXBuildFile; fileRef = C36B3A371BC5AFE80095AD7F /* MainWindow-iPad.xib */; };
		C36B3A3B1BC5AFE80095AD7F /* MainWindow-iPhone.xib in Resources */ = {isa = PBXBuildFile; fileRef = C36B3A381BC5AFE80095AD7F /* MainWindow-iPhone.xib */; };
		C36B3A3E1BC5B0120095AD7F /* libMobileGestalt.dylib in Frameworks */ = {isa = PBXBuildFile; fileRef = C36B3A3D1BC5B0120095AD7F /* libMobileGestalt.dylib */; };
		C36B3A431BC5B0B00095AD7F /* Utility.m in Sources */ = {isa = PBXBuildFile; fileRef = C36B3A421BC5B0B00095AD7F /* Utility.m */; };
		C39333211BC5C47700D13D62 /* myMatrixView.m in Sources */ = {isa = PBXBuildFile; fileRef = C39333201BC5C47700D13D62 /* myMatrixView.m */; };
		C39333231BC5C50500D13D62 /* QuartzCore.framework in Frameworks */ = {isa = PBXBuildFile; fileRef = C39333221BC5C50500D13D62 /* QuartzCore.framework */; };
		C39333261BC5C59500D13D62 /* ScreenTestViewController.xib in Resources */ = {isa = PBXBuildFile; fileRef = C39333251BC5C59500D13D62 /* ScreenTestViewController.xib */; };
		C39333291BC5C5A400D13D62 /* ScreenTestViewController.m in Sources */ = {isa = PBXBuildFile; fileRef = C39333281BC5C5A400D13D62 /* ScreenTestViewController.m */; };
		C3A976361BC5AC95004616BB /* DeviceInfoViewController.m in Sources */ = {isa = PBXBuildFile; fileRef = C3A976341BC5AC95004616BB /* DeviceInfoViewController.m */; };
		C3A976371BC5AC95004616BB /* DeviceInfoViewController.xib in Resources */ = {isa = PBXBuildFile; fileRef = C3A976351BC5AC95004616BB /* DeviceInfoViewController.xib */; };
/* End PBXBuildFile section */

/* Begin PBXFileReference section */
		1D30AB110D05D00D00671497 /* Foundation.framework */ = {isa = PBXFileReference; lastKnownFileType = wrapper.framework; name = Foundation.framework; path = System/Library/Frameworks/Foundation.framework; sourceTree = SDKROOT; };
		1D3623240D0F684500981E51 /* myDeviceSimpleTestAppDelegate.h */ = {isa = PBXFileReference; fileEncoding = 4; lastKnownFileType = sourcecode.c.h; path = myDeviceSimpleTestAppDelegate.h; sourceTree = "<group>"; };
		1D3623250D0F684500981E51 /* myDeviceSimpleTestAppDelegate.m */ = {isa = PBXFileReference; fileEncoding = 4; lastKnownFileType = sourcecode.c.objc; path = myDeviceSimpleTestAppDelegate.m; sourceTree = "<group>"; };
		1D6058910D05DD3D006BFB54 /* myDeviceSimpleTest.app */ = {isa = PBXFileReference; explicitFileType = wrapper.application; includeInIndex = 0; path = myDeviceSimpleTest.app; sourceTree = BUILT_PRODUCTS_DIR; };
		1DF5F4DF0D08C38300B7A737 /* UIKit.framework */ = {isa = PBXFileReference; lastKnownFileType = wrapper.framework; name = UIKit.framework; path = System/Library/Frameworks/UIKit.framework; sourceTree = SDKROOT; };
		2892E40F0DC94CBA00A64D0F /* CoreGraphics.framework */ = {isa = PBXFileReference; lastKnownFileType = wrapper.framework; name = CoreGraphics.framework; path = System/Library/Frameworks/CoreGraphics.framework; sourceTree = SDKROOT; };
		28A0AAE50D9B0CCF005BE974 /* myDeviceSimpleTest_Prefix.pch */ = {isa = PBXFileReference; fileEncoding = 4; lastKnownFileType = sourcecode.c.h; path = myDeviceSimpleTest_Prefix.pch; sourceTree = "<group>"; };
		29B97316FDCFA39411CA2CEA /* main.m */ = {isa = PBXFileReference; fileEncoding = 4; lastKnownFileType = sourcecode.c.objc; path = main.m; sourceTree = "<group>"; };
		C36B3A301BC5AE0A0095AD7F /* Default-568h@2x.png */ = {isa = PBXFileReference; lastKnownFileType = image.png; path = "Default-568h@2x.png"; sourceTree = "<group>"; };
		C36B3A371BC5AFE80095AD7F /* MainWindow-iPad.xib */ = {isa = PBXFileReference; fileEncoding = 4; lastKnownFileType = file.xib; path = "MainWindow-iPad.xib"; sourceTree = "<group>"; };
		C36B3A381BC5AFE80095AD7F /* MainWindow-iPhone.xib */ = {isa = PBXFileReference; fileEncoding = 4; lastKnownFileType = file.xib; path = "MainWindow-iPhone.xib"; sourceTree = "<group>"; };
		C36B3A3D1BC5B0120095AD7F /* libMobileGestalt.dylib */ = {isa = PBXFileReference; lastKnownFileType = "compiled.mach-o.dylib"; path = libMobileGestalt.dylib; sourceTree = "<group>"; };
		C36B3A3F1BC5B03B0095AD7F /* MobileGestalt.h */ = {isa = PBXFileReference; fileEncoding = 4; lastKnownFileType = sourcecode.c.h; path = MobileGestalt.h; sourceTree = "<group>"; };
		C36B3A411BC5B0B00095AD7F /* Utility.h */ = {isa = PBXFileReference; fileEncoding = 4; lastKnownFileType = sourcecode.c.h; path = Utility.h; sourceTree = "<group>"; };
		C36B3A421BC5B0B00095AD7F /* Utility.m */ = {isa = PBXFileReference; fileEncoding = 4; lastKnownFileType = sourcecode.c.objc; path = Utility.m; sourceTree = "<group>"; };
		C36B3A481BC5B8D40095AD7F /* myDeviceSimpleTest-Info.plist */ = {isa = PBXFileReference; fileEncoding = 4; lastKnownFileType = text.plist.xml; path = "myDeviceSimpleTest-Info.plist"; sourceTree = SOURCE_ROOT; };
		C393331F1BC5C47700D13D62 /* myMatrixView.h */ = {isa = PBXFileReference; fileEncoding = 4; lastKnownFileType = sourcecode.c.h; path = myMatrixView.h; sourceTree = "<group>"; };
		C39333201BC5C47700D13D62 /* myMatrixView.m */ = {isa = PBXFileReference; fileEncoding = 4; lastKnownFileType = sourcecode.c.objc; path = myMatrixView.m; sourceTree = "<group>"; };
		C39333221BC5C50500D13D62 /* QuartzCore.framework */ = {isa = PBXFileReference; lastKnownFileType = wrapper.framework; name = QuartzCore.framework; path = System/Library/Frameworks/QuartzCore.framework; sourceTree = SDKROOT; };
		C39333251BC5C59500D13D62 /* ScreenTestViewController.xib */ = {isa = PBXFileReference; fileEncoding = 4; lastKnownFileType = file.xib; path = ScreenTestViewController.xib; sourceTree = "<group>"; };
		C39333271BC5C5A400D13D62 /* ScreenTestViewController.h */ = {isa = PBXFileReference; fileEncoding = 4; lastKnownFileType = sourcecode.c.h; path = ScreenTestViewController.h; sourceTree = "<group>"; };
		C39333281BC5C5A400D13D62 /* ScreenTestViewController.m */ = {isa = PBXFileReference; fileEncoding = 4; lastKnownFileType = sourcecode.c.objc; path = ScreenTestViewController.m; sourceTree = "<group>"; };
		C3A976331BC5AC95004616BB /* DeviceInfoViewController.h */ = {isa = PBXFileReference; fileEncoding = 4; lastKnownFileType = sourcecode.c.h; path = DeviceInfoViewController.h; sourceTree = "<group>"; };
		C3A976341BC5AC95004616BB /* DeviceInfoViewController.m */ = {isa = PBXFileReference; fileEncoding = 4; lastKnownFileType = sourcecode.c.objc; path = DeviceInfoViewController.m; sourceTree = "<group>"; };
		C3A976351BC5AC95004616BB /* DeviceInfoViewController.xib */ = {isa = PBXFileReference; lastKnownFileType = file.xib; path = DeviceInfoViewController.xib; sourceTree = "<group>"; };
/* End PBXFileReference section */

/* Begin PBXFrameworksBuildPhase section */
		1D60588F0D05DD3D006BFB54 /* Frameworks */ = {
			isa = PBXFrameworksBuildPhase;
			buildActionMask = 2147483647;
			files = (
				C39333231BC5C50500D13D62 /* QuartzCore.framework in Frameworks */,
				1D60589F0D05DD5A006BFB54 /* Foundation.framework in Frameworks */,
				1DF5F4E00D08C38300B7A737 /* UIKit.framework in Frameworks */,
				2892E4100DC94CBA00A64D0F /* CoreGraphics.framework in Frameworks */,
				C36B3A3E1BC5B0120095AD7F /* libMobileGestalt.dylib in Frameworks */,
			);
			runOnlyForDeploymentPostprocessing = 0;
		};
/* End PBXFrameworksBuildPhase section */

/* Begin PBXGroup section */
		080E96DDFE201D6D7F000001 /* Classes */ = {
			isa = PBXGroup;
			children = (
				1D3623240D0F684500981E51 /* myDeviceSimpleTestAppDelegate.h */,
				1D3623250D0F684500981E51 /* myDeviceSimpleTestAppDelegate.m */,
			);
			path = Classes;
			sourceTree = "<group>";
		};
		19C28FACFE9D520D11CA2CBB /* Products */ = {
			isa = PBXGroup;
			children = (
				1D6058910D05DD3D006BFB54 /* myDeviceSimpleTest.app */,
			);
			name = Products;
			sourceTree = "<group>";
		};
		29B97314FDCFA39411CA2CEA /* CustomTemplate */ = {
			isa = PBXGroup;
			children = (
				C36B3A2C1BC5ADF40095AD7F /* Images */,
				080E96DDFE201D6D7F000001 /* Classes */,
				C3A976321BC5AC74004616BB /* Code */,
				29B97315FDCFA39411CA2CEA /* Other Sources */,
				C36B3A361BC5AFE80095AD7F /* Resources */,
				29B97323FDCFA39411CA2CEA /* Frameworks */,
				19C28FACFE9D520D11CA2CBB /* Products */,
			);
			name = CustomTemplate;
			sourceTree = "<group>";
		};
		29B97315FDCFA39411CA2CEA /* Other Sources */ = {
			isa = PBXGroup;
			children = (
				28A0AAE50D9B0CCF005BE974 /* myDeviceSimpleTest_Prefix.pch */,
				29B97316FDCFA39411CA2CEA /* main.m */,
			);
			name = "Other Sources";
			sourceTree = "<group>";
		};
		29B97323FDCFA39411CA2CEA /* Frameworks */ = {
			isa = PBXGroup;
			children = (
				C39333221BC5C50500D13D62 /* QuartzCore.framework */,
				1DF5F4DF0D08C38300B7A737 /* UIKit.framework */,
				1D30AB110D05D00D00671497 /* Foundation.framework */,
				2892E40F0DC94CBA00A64D0F /* CoreGraphics.framework */,
			);
			name = Frameworks;
			sourceTree = "<group>";
		};
		C36B3A2C1BC5ADF40095AD7F /* Images */ = {
			isa = PBXGroup;
			children = (
				C36B3A2F1BC5AE0A0095AD7F /* DefaultPNG */,
			);
			path = Images;
			sourceTree = "<group>";
		};
		C36B3A2F1BC5AE0A0095AD7F /* DefaultPNG */ = {
			isa = PBXGroup;
			children = (
				C36B3A301BC5AE0A0095AD7F /* Default-568h@2x.png */,
			);
			path = DefaultPNG;
			sourceTree = "<group>";
		};
		C36B3A361BC5AFE80095AD7F /* Resources */ = {
			isa = PBXGroup;
			children = (
				C36B3A481BC5B8D40095AD7F /* myDeviceSimpleTest-Info.plist */,
				C36B3A3D1BC5B0120095AD7F /* libMobileGestalt.dylib */,
				C36B3A371BC5AFE80095AD7F /* MainWindow-iPad.xib */,
				C36B3A381BC5AFE80095AD7F /* MainWindow-iPhone.xib */,
			);
			path = Resources;
			sourceTree = "<group>";
		};
		C36B3A401BC5B0B00095AD7F /* Utility */ = {
			isa = PBXGroup;
			children = (
				C36B3A411BC5B0B00095AD7F /* Utility.h */,
				C36B3A421BC5B0B00095AD7F /* Utility.m */,
			);
			path = Utility;
			sourceTree = "<group>";
		};
		C393331E1BC5C47700D13D62 /* MatrixView */ = {
			isa = PBXGroup;
			children = (
				C393331F1BC5C47700D13D62 /* myMatrixView.h */,
				C39333201BC5C47700D13D62 /* myMatrixView.m */,
			);
			path = MatrixView;
			sourceTree = "<group>";
		};
		C39333241BC5C59500D13D62 /* ScreenTest */ = {
			isa = PBXGroup;
			children = (
				C39333251BC5C59500D13D62 /* ScreenTestViewController.xib */,
				C39333271BC5C5A400D13D62 /* ScreenTestViewController.h */,
				C39333281BC5C5A400D13D62 /* ScreenTestViewController.m */,
			);
			path = ScreenTest;
			sourceTree = "<group>";
		};
		C3A976321BC5AC74004616BB /* Code */ = {
			isa = PBXGroup;
			children = (
				C39333241BC5C59500D13D62 /* ScreenTest */,
				C393331E1BC5C47700D13D62 /* MatrixView */,
				C36B3A401BC5B0B00095AD7F /* Utility */,
				C36B3A3F1BC5B03B0095AD7F /* MobileGestalt.h */,
				C3A976331BC5AC95004616BB /* DeviceInfoViewController.h */,
				C3A976341BC5AC95004616BB /* DeviceInfoViewController.m */,
				C3A976351BC5AC95004616BB /* DeviceInfoViewController.xib */,
			);
			path = Code;
			sourceTree = SOURCE_ROOT;
		};
/* End PBXGroup section */

/* Begin PBXNativeTarget section */
		1D6058900D05DD3D006BFB54 /* myDeviceSimpleTest */ = {
			isa = PBXNativeTarget;
			buildConfigurationList = 1D6058960D05DD3E006BFB54 /* Build configuration list for PBXNativeTarget "myDeviceSimpleTest" */;
			buildPhases = (
				1D60588D0D05DD3D006BFB54 /* Resources */,
				1D60588E0D05DD3D006BFB54 /* Sources */,
				1D60588F0D05DD3D006BFB54 /* Frameworks */,
			);
			buildRules = (
			);
			dependencies = (
			);
			name = myDeviceSimpleTest;
			productName = myDeviceSimpleTest;
			productReference = 1D6058910D05DD3D006BFB54 /* myDeviceSimpleTest.app */;
			productType = "com.apple.product-type.application";
		};
/* End PBXNativeTarget section */

/* Begin PBXProject section */
		29B97313FDCFA39411CA2CEA /* Project object */ = {
			isa = PBXProject;
			attributes = {
				LastUpgradeCheck = 0640;
			};
			buildConfigurationList = C01FCF4E08A954540054247B /* Build configuration list for PBXProject "myDeviceSimpleTest" */;
			compatibilityVersion = "Xcode 3.2";
			developmentRegion = English;
			hasScannedForEncodings = 1;
			knownRegions = (
				English,
				Japanese,
				French,
				German,
				en,
			);
			mainGroup = 29B97314FDCFA39411CA2CEA /* CustomTemplate */;
			projectDirPath = "";
			projectRoot = "";
			targets = (
				1D6058900D05DD3D006BFB54 /* myDeviceSimpleTest */,
			);
		};
/* End PBXProject section */

/* Begin PBXResourcesBuildPhase section */
		1D60588D0D05DD3D006BFB54 /* Resources */ = {
			isa = PBXResourcesBuildPhase;
			buildActionMask = 2147483647;
			files = (
				C3A976371BC5AC95004616BB /* DeviceInfoViewController.xib in Resources */,
				C39333261BC5C59500D13D62 /* ScreenTestViewController.xib in Resources */,
				C36B3A3A1BC5AFE80095AD7F /* MainWindow-iPad.xib in Resources */,
				C36B3A311BC5AE0A0095AD7F /* Default-568h@2x.png in Resources */,
				C36B3A3B1BC5AFE80095AD7F /* MainWindow-iPhone.xib in Resources */,
			);
			runOnlyForDeploymentPostprocessing = 0;
		};
/* End PBXResourcesBuildPhase section */

/* Begin PBXSourcesBuildPhase section */
		1D60588E0D05DD3D006BFB54 /* Sources */ = {
			isa = PBXSourcesBuildPhase;
			buildActionMask = 2147483647;
			files = (
				C36B3A431BC5B0B00095AD7F /* Utility.m in Sources */,
				1D60589B0D05DD56006BFB54 /* main.m in Sources */,
				C39333291BC5C5A400D13D62 /* ScreenTestViewController.m in Sources */,
				C39333211BC5C47700D13D62 /* myMatrixView.m in Sources */,
				1D3623260D0F684500981E51 /* myDeviceSimpleTestAppDelegate.m in Sources */,
				C3A976361BC5AC95004616BB /* DeviceInfoViewController.m in Sources */,
			);
			runOnlyForDeploymentPostprocessing = 0;
		};
/* End PBXSourcesBuildPhase section */

/* Begin XCBuildConfiguration section */
		1D6058940D05DD3E006BFB54 /* Debug */ = {
			isa = XCBuildConfiguration;
			buildSettings = {
				ALWAYS_SEARCH_USER_PATHS = NO;
				ARCHS = "$(ARCHS_STANDARD_32_BIT)";
				COPY_PHASE_STRIP = NO;
				GCC_DYNAMIC_NO_PIC = NO;
				GCC_OPTIMIZATION_LEVEL = 0;
				GCC_PRECOMPILE_PREFIX_HEADER = YES;
				GCC_PREFIX_HEADER = myDeviceSimpleTest_Prefix.pch;
				INFOPLIST_FILE = "myDeviceSimpleTest-Info.plist";
				LIBRARY_SEARCH_PATHS = (
					"$(inherited)",
					"$(PROJECT_DIR)/Resources",
				);
				PRODUCT_NAME = myDeviceSimpleTest;
				SDKROOT = iphoneos;
				TARGETED_DEVICE_FAMILY = "1,2";
			};
			name = Debug;
		};
		1D6058950D05DD3E006BFB54 /* Release */ = {
			isa = XCBuildConfiguration;
			buildSettings = {
				ALWAYS_SEARCH_USER_PATHS = NO;
				ARCHS = "$(ARCHS_STANDARD_32_BIT)";
				COPY_PHASE_STRIP = YES;
				GCC_PRECOMPILE_PREFIX_HEADER = YES;
				GCC_PREFIX_HEADER = myDeviceSimpleTest_Prefix.pch;
				INFOPLIST_FILE = "myDeviceSimpleTest-Info.plist";
				LIBRARY_SEARCH_PATHS = (
					"$(inherited)",
					"$(PROJECT_DIR)/Resources",
				);
				PRODUCT_NAME = myDeviceSimpleTest;
				SDKROOT = iphoneos;
				TARGETED_DEVICE_FAMILY = "1,2";
				VALIDATE_PRODUCT = YES;
			};
			name = Release;
		};
		C01FCF4F08A954540054247B /* Debug */ = {
			isa = XCBuildConfiguration;
			buildSettings = {
				ARCHS = "$(ARCHS_STANDARD_32_BIT)";
				"CODE_SIGN_IDENTITY[sdk=iphoneos*]" = "iPhone Developer";
				GCC_C_LANGUAGE_STANDARD = c99;
				GCC_WARN_ABOUT_RETURN_TYPE = YES;
				GCC_WARN_UNUSED_VARIABLE = YES;
				IPHONEOS_DEPLOYMENT_TARGET = 5.1.1;
				PREBINDING = NO;
				SDKROOT = iphoneos;
			};
			name = Debug;
		};
		C01FCF5008A954540054247B /* Release */ = {
			isa = XCBuildConfiguration;
			buildSettings = {
				ARCHS = "$(ARCHS_STANDARD_32_BIT)";
				"CODE_SIGN_IDENTITY[sdk=iphoneos*]" = "iPhone Developer";
				GCC_C_LANGUAGE_STANDARD = c99;
				GCC_WARN_ABOUT_RETURN_TYPE = YES;
				GCC_WARN_UNUSED_VARIABLE = YES;
				IPHONEOS_DEPLOYMENT_TARGET = 5.1.1;
				OTHER_CFLAGS = "-DNS_BLOCK_ASSERTIONS=1";
				PREBINDING = NO;
				SDKROOT = iphoneos;
			};
			name = Release;
		};
		C36B3A341BC5AE8A0095AD7F /* Distribution */ = {
			isa = XCBuildConfiguration;
			buildSettings = {
				ARCHS = "$(ARCHS_STANDARD_32_BIT)";
				"CODE_SIGN_IDENTITY[sdk=iphoneos*]" = "iPhone Distribution";
				GCC_C_LANGUAGE_STANDARD = c99;
				GCC_WARN_ABOUT_RETURN_TYPE = YES;
				GCC_WARN_UNUSED_VARIABLE = YES;
				IPHONEOS_DEPLOYMENT_TARGET = 5.1.1;
				OTHER_CFLAGS = "-DNS_BLOCK_ASSERTIONS=1";
				PREBINDING = NO;
				SDKROOT = iphoneos;
			};
			name = Distribution;
		};
		C36B3A351BC5AE8A0095AD7F /* Distribution */ = {
			isa = XCBuildConfiguration;
			buildSettings = {
				ALWAYS_SEARCH_USER_PATHS = NO;
				ARCHS = "$(ARCHS_STANDARD_32_BIT)";
				COPY_PHASE_STRIP = YES;
				GCC_PRECOMPILE_PREFIX_HEADER = YES;
				GCC_PREFIX_HEADER = myDeviceSimpleTest_Prefix.pch;
				INFOPLIST_FILE = "myDeviceSimpleTest-Info.plist";
				LIBRARY_SEARCH_PATHS = (
					"$(inherited)",
					"$(PROJECT_DIR)/Resources",
				);
				PRODUCT_NAME = myDeviceSimpleTest;
				SDKROOT = iphoneos;
				TARGETED_DEVICE_FAMILY = "1,2";
				VALIDATE_PRODUCT = YES;
			};
			name = Distribution;
		};
/* End XCBuildConfiguration section */

/* Begin XCConfigurationList section */
		1D6058960D05DD3E006BFB54 /* Build configuration list for PBXNativeTarget "myDeviceSimpleTest" */ = {
			isa = XCConfigurationList;
			buildConfigurations = (
				1D6058940D05DD3E006BFB54 /* Debug */,
				1D6058950D05DD3E006BFB54 /* Release */,
				C36B3A351BC5AE8A0095AD7F /* Distribution */,
			);
			defaultConfigurationIsVisible = 0;
			defaultConfigurationName = Release;
		};
		C01FCF4E08A954540054247B /* Build configuration list for PBXProject "myDeviceSimpleTest" */ = {
			isa = XCConfigurationList;
			buildConfigurations = (
				C01FCF4F08A954540054247B /* Debug */,
				C01FCF5008A954540054247B /* Release */,
				C36B3A341BC5AE8A0095AD7F /* Distribution */,
			);
			defaultConfigurationIsVisible = 0;
			defaultConfigurationName = Release;
		};
/* End XCConfigurationList section */
	};
	rootObject = 29B97313FDCFA39411CA2CEA /* Project object */;
}
